
Microsoft Visual Studio Solution File, Format Version 12.00
# Visual Studio Version 17
VisualStudioVersion = 17.6.33723.286
MinimumVisualStudioVersion = 10.0.40219.1
Project("{9A19103F-16F7-4668-BE54-9A1E7A4F7556}") = "daily-aoc-solutions", "daily-aoc-solutions.csproj", "{3D7EBE91-3E9D-4590-9E07-70EDAEA85F39}"
EndProject
Project("{FAE04EC0-301F-11D3-BF4B-00C04F79EFBC}") = "daily-aoc-solutions.Tests", "..\daily-aoc-solutions.Tests\daily-aoc-solutions.Tests.csproj", "{8FBECD44-A8F4-4F04-A570-AD431046DF3B}"
EndProject
Global
	GlobalSection(SolutionConfigurationPlatforms) = preSolution
		Debug|Any CPU = Debug|Any CPU
		Release|Any CPU = Release|Any CPU
	EndGlobalSection
	GlobalSection(ProjectConfigurationPlatforms) = postSolution
		{3D7EBE91-3E9D-4590-9E07-70EDAEA85F39}.Debug|Any CPU.ActiveCfg = Debug|Any CPU
		{3D7EBE91-3E9D-4590-9E07-70EDAEA85F39}.Debug|Any CPU.Build.0 = Debug|Any CPU
		{3D7EBE91-3E9D-4590-9E07-70EDAEA85F39}.Release|Any CPU.ActiveCfg = Release|Any CPU
		{3D7EBE91-3E9D-4590-9E07-70EDAEA85F39}.Release|Any CPU.Build.0 = Release|Any CPU
		{8FBECD44-A8F4-4F04-A570-AD431046DF3B}.Debug|Any CPU.ActiveCfg = Debug|Any CPU
		{8FBECD44-A8F4-4F04-A570-AD431046DF3B}.Debug|Any CPU.Build.0 = Debug|Any CPU
		{8FBECD44-A8F4-4F04-A570-AD431046DF3B}.Release|Any CPU.ActiveCfg = Release|Any CPU
		{8FBECD44-A8F4-4F04-A570-AD431046DF3B}.Release|Any CPU.Build.0 = Release|Any CPU
	EndGlobalSection
	GlobalSection(SolutionProperties) = preSolution
		HideSolutionNode = FALSE
	EndGlobalSection
	GlobalSection(ExtensibilityGlobals) = postSolution
		SolutionGuid = {91F89539-DFB5-49E6-8D4C-727B5D709DFF}
	EndGlobalSection
EndGlobal
